
Microsoft Visual Studio Solution File, Format Version 12.00
# Visual Studio Version 16
VisualStudioVersion = 16.0.32228.343
MinimumVisualStudioVersion = 10.0.40219.1
Project("{FAE04EC0-301F-11D3-BF4B-00C04F79EFBC}") = "MvcMovie", "MvcMovie\MvcMovie.csproj", "{CFA923D0-9356-474B-AD56-D3619D054301}"
EndProject
Global
	GlobalSection(SolutionConfigurationPlatforms) = preSolution
		Debug|Any CPU = Debug|Any CPU
		Release|Any CPU = Release|Any CPU
	EndGlobalSection
	GlobalSection(ProjectConfigurationPlatforms) = postSolution
		{CFA923D0-9356-474B-AD56-D3619D054301}.Debug|Any CPU.ActiveCfg = Debug|Any CPU
		{CFA923D0-9356-474B-AD56-D3619D054301}.Debug|Any CPU.Build.0 = Debug|Any CPU
		{CFA923D0-9356-474B-AD56-D3619D054301}.Release|Any CPU.ActiveCfg = Release|Any CPU
		{CFA923D0-9356-474B-AD56-D3619D054301}.Release|Any CPU.Build.0 = Release|Any CPU
	EndGlobalSection
	GlobalSection(SolutionProperties) = preSolution
		HideSolutionNode = FALSE
	EndGlobalSection
	GlobalSection(ExtensibilityGlobals) = postSolution
		SolutionGuid = {505A8EE7-B6F0-4871-A400-D6308D6D8954}
	EndGlobalSection
EndGlobal
